
Microsoft Visual Studio Solution File, Format Version 12.00
# Visual Studio 14
VisualStudioVersion = 14.0.25123.0
MinimumVisualStudioVersion = 10.0.40219.1
Project("{FAE04EC0-301F-11D3-BF4B-00C04F79EFBC}") = "CSVReader", "CSVReader\CSVReader.csproj", "{918F1ACB-926B-4FFE-B29E-A6AA13245C73}"
EndProject
Project("{FAE04EC0-301F-11D3-BF4B-00C04F79EFBC}") = "CSVUnitTest", "CSVUnitTest\CSVUnitTest.csproj", "{9271193C-5A61-447D-8ED8-E7A750722160}"
EndProject
Global
	GlobalSection(SolutionConfigurationPlatforms) = preSolution
		Debug|Any CPU = Debug|Any CPU
		Release|Any CPU = Release|Any CPU
	EndGlobalSection
	GlobalSection(ProjectConfigurationPlatforms) = postSolution
		{918F1ACB-926B-4FFE-B29E-A6AA13245C73}.Debug|Any CPU.ActiveCfg = Debug|Any CPU
		{918F1ACB-926B-4FFE-B29E-A6AA13245C73}.Debug|Any CPU.Build.0 = Debug|Any CPU
		{918F1ACB-926B-4FFE-B29E-A6AA13245C73}.Release|Any CPU.ActiveCfg = Release|Any CPU
		{918F1ACB-926B-4FFE-B29E-A6AA13245C73}.Release|Any CPU.Build.0 = Release|Any CPU
		{9271193C-5A61-447D-8ED8-E7A750722160}.Debug|Any CPU.ActiveCfg = Debug|Any CPU
		{9271193C-5A61-447D-8ED8-E7A750722160}.Debug|Any CPU.Build.0 = Debug|Any CPU
		{9271193C-5A61-447D-8ED8-E7A750722160}.Release|Any CPU.ActiveCfg = Release|Any CPU
		{9271193C-5A61-447D-8ED8-E7A750722160}.Release|Any CPU.Build.0 = Release|Any CPU
	EndGlobalSection
	GlobalSection(SolutionProperties) = preSolution
		HideSolutionNode = FALSE
	EndGlobalSection
EndGlobal
